{
  "version": "3",
  "packages": {
    "specifiers": {
      "jsr:@std/assert": "jsr:@std/assert@1.0.2",
      "jsr:@std/bytes@^1.0.2-rc.3": "jsr:@std/bytes@1.0.2",
      "jsr:@std/cli": "jsr:@std/cli@1.0.2",
      "jsr:@std/internal@^1.0.1": "jsr:@std/internal@1.0.1",
      "jsr:@std/io": "jsr:@std/io@0.224.4"
    },
    "jsr": {
      "@std/assert@1.0.2": {
        "integrity": "ccacec332958126deaceb5c63ff8b4eaf9f5ed0eac9feccf124110435e59e49c",
        "dependencies": [
          "jsr:@std/internal@^1.0.1"
        ]
      },
      "@std/bytes@1.0.2": {
        "integrity": "fbdee322bbd8c599a6af186a1603b3355e59a5fb1baa139f8f4c3c9a1b3e3d57"
      },
      "@std/cli@1.0.2": {
        "integrity": "fc12cf1a16d0e6c073dce3f95c202e580c428047ed719007617460b98e57923d"
      },
      "@std/internal@1.0.1": {
        "integrity": "6f8c7544d06a11dd256c8d6ba54b11ed870aac6c5aeafff499892662c57673e6"
      },
      "@std/io@0.224.4": {
        "integrity": "bce1151765e4e70e376039fd72c71672b4d4aae363878a5ee3e58361b81197ec",
        "dependencies": [
          "jsr:@std/bytes@^1.0.2-rc.3"
        ]
      }
    }
  },
  "remote": {},
  "workspace": {
    "dependencies": [
      "jsr:@std/assert@1"
    ]
  }
}
